
Microsoft Visual Studio Solution File, Format Version 12.00
# Visual Studio Version 16
VisualStudioVersion = 16.0.31321.278
MinimumVisualStudioVersion = 10.0.40219.1
Project("{8BC9CEB8-8B4A-11D0-8D11-00A0C91BC942}") = "ClientU", "ClientU\ClientU.vcxproj", "{BC9096E7-9266-475A-9E33-244911477EA8}"
EndProject
Global
	GlobalSection(SolutionConfigurationPlatforms) = preSolution
		Debug|x64 = Debug|x64
		Debug|x86 = Debug|x86
		Release|x64 = Release|x64
		Release|x86 = Release|x86
	EndGlobalSection
	GlobalSection(ProjectConfigurationPlatforms) = postSolution
		{BC9096E7-9266-475A-9E33-244911477EA8}.Debug|x64.ActiveCfg = Debug|x64
		{BC9096E7-9266-475A-9E33-244911477EA8}.Debug|x64.Build.0 = Debug|x64
		{BC9096E7-9266-475A-9E33-244911477EA8}.Debug|x86.ActiveCfg = Debug|Win32
		{BC9096E7-9266-475A-9E33-244911477EA8}.Debug|x86.Build.0 = Debug|Win32
		{BC9096E7-9266-475A-9E33-244911477EA8}.Release|x64.ActiveCfg = Release|x64
		{BC9096E7-9266-475A-9E33-244911477EA8}.Release|x64.Build.0 = Release|x64
		{BC9096E7-9266-475A-9E33-244911477EA8}.Release|x86.ActiveCfg = Release|Win32
		{BC9096E7-9266-475A-9E33-244911477EA8}.Release|x86.Build.0 = Release|Win32
	EndGlobalSection
	GlobalSection(SolutionProperties) = preSolution
		HideSolutionNode = FALSE
	EndGlobalSection
	GlobalSection(ExtensibilityGlobals) = postSolution
		SolutionGuid = {1A6D134D-824F-45CB-868B-FDBB0E9C0947}
	EndGlobalSection
EndGlobal
